
Microsoft Visual Studio Solution File, Format Version 12.00
# Visual Studio Version 16
VisualStudioVersion = 16.0.29418.71
MinimumVisualStudioVersion = 10.0.40219.1
Project("{FAE04EC0-301F-11D3-BF4B-00C04F79EFBC}") = "14.uzd", "14.uzd\14.uzd.csproj", "{3A819B1E-12ED-4A5D-9B82-088054CAAE6B}"
EndProject
Global
	GlobalSection(SolutionConfigurationPlatforms) = preSolution
		Debug|Any CPU = Debug|Any CPU
		Release|Any CPU = Release|Any CPU
	EndGlobalSection
	GlobalSection(ProjectConfigurationPlatforms) = postSolution
		{3A819B1E-12ED-4A5D-9B82-088054CAAE6B}.Debug|Any CPU.ActiveCfg = Debug|Any CPU
		{3A819B1E-12ED-4A5D-9B82-088054CAAE6B}.Debug|Any CPU.Build.0 = Debug|Any CPU
		{3A819B1E-12ED-4A5D-9B82-088054CAAE6B}.Release|Any CPU.ActiveCfg = Release|Any CPU
		{3A819B1E-12ED-4A5D-9B82-088054CAAE6B}.Release|Any CPU.Build.0 = Release|Any CPU
	EndGlobalSection
	GlobalSection(SolutionProperties) = preSolution
		HideSolutionNode = FALSE
	EndGlobalSection
	GlobalSection(ExtensibilityGlobals) = postSolution
		SolutionGuid = {AED5C79A-B0AE-4E95-8518-EA581EC2D0B0}
	EndGlobalSection
EndGlobal
